// !$*UTF8*$!
{
	archiveVersion = 1;
	classes = {
	};
	objectVersion = 50;
	objects = {

/* Begin PBXBuildFile section */
		132CBFC32382A39A005E1A6B /* AppDelegate.swift in Sources */ = {isa = PBXBuildFile; fileRef = 132CBFC22382A39A005E1A6B /* AppDelegate.swift */; };
		132CBFC52382A39A005E1A6B /* SceneDelegate.swift in Sources */ = {isa = PBXBuildFile; fileRef = 132CBFC42382A39A005E1A6B /* SceneDelegate.swift */; };
		132CBFC72382A39A005E1A6B /* ViewController.swift in Sources */ = {isa = PBXBuildFile; fileRef = 132CBFC62382A39A005E1A6B /* ViewController.swift */; };
		132CBFCA2382A39A005E1A6B /* Main.storyboard in Resources */ = {isa = PBXBuildFile; fileRef = 132CBFC82382A39A005E1A6B /* Main.storyboard */; };
		132CBFCC2382A39A005E1A6B /* Assets.xcassets in Resources */ = {isa = PBXBuildFile; fileRef = 132CBFCB2382A39A005E1A6B /* Assets.xcassets */; };
		132CBFCF2382A39A005E1A6B /* LaunchScreen.storyboard in Resources */ = {isa = PBXBuildFile; fileRef = 132CBFCD2382A39A005E1A6B /* LaunchScreen.storyboard */; };
		13672FEF2382A430004FBD9B /* Person.m in Sources */ = {isa = PBXBuildFile; fileRef = 13672FED2382A430004FBD9B /* Person.m */; };
/* End PBXBuildFile section */

/* Begin PBXFileReference section */
		132CBFBF2382A39A005E1A6B /* AppSwiftObjective.app */ = {isa = PBXFileReference; explicitFileType = wrapper.application; includeInIndex = 0; path = AppSwiftObjective.app; sourceTree = BUILT_PRODUCTS_DIR; };
		132CBFC22382A39A005E1A6B /* AppDelegate.swift */ = {isa = PBXFileReference; lastKnownFileType = sourcecode.swift; path = AppDelegate.swift; sourceTree = "<group>"; };
		132CBFC42382A39A005E1A6B /* SceneDelegate.swift */ = {isa = PBXFileReference; lastKnownFileType = sourcecode.swift; path = SceneDelegate.swift; sourceTree = "<group>"; };
		132CBFC62382A39A005E1A6B /* ViewController.swift */ = {isa = PBXFileReference; lastKnownFileType = sourcecode.swift; path = ViewController.swift; sourceTree = "<group>"; };
		132CBFC92382A39A005E1A6B /* Base */ = {isa = PBXFileReference; lastKnownFileType = file.storyboard; name = Base; path = Base.lproj/Main.storyboard; sourceTree = "<group>"; };
		132CBFCB2382A39A005E1A6B /* Assets.xcassets */ = {isa = PBXFileReference; lastKnownFileType = folder.assetcatalog; path = Assets.xcassets; sourceTree = "<group>"; };
		132CBFCE2382A39A005E1A6B /* Base */ = {isa = PBXFileReference; lastKnownFileType = file.storyboard; name = Base; path = Base.lproj/LaunchScreen.storyboard; sourceTree = "<group>"; };
		132CBFD02382A39A005E1A6B /* Info.plist */ = {isa = PBXFileReference; lastKnownFileType = text.plist.xml; path = Info.plist; sourceTree = "<group>"; };
		13672FEC2382A430004FBD9B /* AppSwiftObjective-Bridging-Header.h */ = {isa = PBXFileReference; lastKnownFileType = sourcecode.c.h; path = "AppSwiftObjective-Bridging-Header.h"; sourceTree = "<group>"; };
		13672FED2382A430004FBD9B /* Person.m */ = {isa = PBXFileReference; fileEncoding = 4; lastKnownFileType = sourcecode.c.objc; name = Person.m; path = ../../CodeObjc/Person.m; sourceTree = "<group>"; };
		13672FEE2382A430004FBD9B /* Person.h */ = {isa = PBXFileReference; fileEncoding = 4; lastKnownFileType = sourcecode.c.h; name = Person.h; path = ../../CodeObjc/Person.h; sourceTree = "<group>"; };
/* End PBXFileReference section */

/* Begin PBXFrameworksBuildPhase section */
		132CBFBC2382A39A005E1A6B /* Frameworks */ = {
			isa = PBXFrameworksBuildPhase;
			buildActionMask = 2147483647;
			files = (
			);
			runOnlyForDeploymentPostprocessing = 0;
		};
/* End PBXFrameworksBuildPhase section */

/* Begin PBXGroup section */
		132CBFB62382A39A005E1A6B = {
			isa = PBXGroup;
			children = (
				132CBFC12382A39A005E1A6B /* AppSwiftObjective */,
				132CBFC02382A39A005E1A6B /* Products */,
			);
			sourceTree = "<group>";
		};
		132CBFC02382A39A005E1A6B /* Products */ = {
			isa = PBXGroup;
			children = (
				132CBFBF2382A39A005E1A6B /* AppSwiftObjective.app */,
			);
			name = Products;
			sourceTree = "<group>";
		};
		132CBFC12382A39A005E1A6B /* AppSwiftObjective */ = {
			isa = PBXGroup;
			children = (
				132CBFC22382A39A005E1A6B /* AppDelegate.swift */,
				132CBFC42382A39A005E1A6B /* SceneDelegate.swift */,
				132CBFC62382A39A005E1A6B /* ViewController.swift */,
				13672FEE2382A430004FBD9B /* Person.h */,
				13672FED2382A430004FBD9B /* Person.m */,
				132CBFC82382A39A005E1A6B /* Main.storyboard */,
				132CBFCB2382A39A005E1A6B /* Assets.xcassets */,
				132CBFCD2382A39A005E1A6B /* LaunchScreen.storyboard */,
				132CBFD02382A39A005E1A6B /* Info.plist */,
				13672FEC2382A430004FBD9B /* AppSwiftObjective-Bridging-Header.h */,
			);
			path = AppSwiftObjective;
			sourceTree = "<group>";
		};
/* End PBXGroup section */

/* Begin PBXNativeTarget section */
		132CBFBE2382A39A005E1A6B /* AppSwiftObjective */ = {
			isa = PBXNativeTarget;
			buildConfigurationList = 132CBFD32382A39A005E1A6B /* Build configuration list for PBXNativeTarget "AppSwiftObjective" */;
			buildPhases = (
				132CBFBB2382A39A005E1A6B /* Sources */,
				132CBFBC2382A39A005E1A6B /* Frameworks */,
				132CBFBD2382A39A005E1A6B /* Resources */,
			);
			buildRules = (
			);
			dependencies = (
			);
			name = AppSwiftObjective;
			productName = AppSwiftObjective;
			productReference = 132CBFBF2382A39A005E1A6B /* AppSwiftObjective.app */;
			productType = "com.apple.product-type.application";
		};
/* End PBXNativeTarget section */

/* Begin PBXProject section */
		132CBFB72382A39A005E1A6B /* Project object */ = {
			isa = PBXProject;
			attributes = {
				LastSwiftUpdateCheck = 1120;
				LastUpgradeCheck = 1120;
				ORGANIZATIONNAME = Bedu;
				TargetAttributes = {
					132CBFBE2382A39A005E1A6B = {
						CreatedOnToolsVersion = 11.2;
						LastSwiftMigration = 1120;
					};
				};
			};
			buildConfigurationList = 132CBFBA2382A39A005E1A6B /* Build configuration list for PBXProject "AppSwiftObjective" */;
			compatibilityVersion = "Xcode 9.3";
			developmentRegion = en;
			hasScannedForEncodings = 0;
			knownRegions = (
				en,
				Base,
			);
			mainGroup = 132CBFB62382A39A005E1A6B;
			productRefGroup = 132CBFC02382A39A005E1A6B /* Products */;
			projectDirPath = "";
			projectRoot = "";
			targets = (
				132CBFBE2382A39A005E1A6B /* AppSwiftObjective */,
			);
		};
/* End PBXProject section */

/* Begin PBXResourcesBuildPhase section */
		132CBFBD2382A39A005E1A6B /* Resources */ = {
			isa = PBXResourcesBuildPhase;
			buildActionMask = 2147483647;
			files = (
				132CBFCF2382A39A005E1A6B /* LaunchScreen.storyboard in Resources */,
				132CBFCC2382A39A005E1A6B /* Assets.xcassets in Resources */,
				132CBFCA2382A39A005E1A6B /* Main.storyboard in Resources */,
			);
			runOnlyForDeploymentPostprocessing = 0;
		};
/* End PBXResourcesBuildPhase section */

/* Begin PBXSourcesBuildPhase section */
		132CBFBB2382A39A005E1A6B /* Sources */ = {
			isa = PBXSourcesBuildPhase;
			buildActionMask = 2147483647;
			files = (
				132CBFC72382A39A005E1A6B /* ViewController.swift in Sources */,
				132CBFC32382A39A005E1A6B /* AppDelegate.swift in Sources */,
				13672FEF2382A430004FBD9B /* Person.m in Sources */,
				132CBFC52382A39A005E1A6B /* SceneDelegate.swift in Sources */,
			);
			runOnlyForDeploymentPostprocessing = 0;
		};
/* End PBXSourcesBuildPhase section */

/* Begin PBXVariantGroup section */
		132CBFC82382A39A005E1A6B /* Main.storyboard */ = {
			isa = PBXVariantGroup;
			children = (
				132CBFC92382A39A005E1A6B /* Base */,
			);
			name = Main.storyboard;
			sourceTree = "<group>";
		};
		132CBFCD2382A39A005E1A6B /* LaunchScreen.storyboard */ = {
			isa = PBXVariantGroup;
			children = (
				132CBFCE2382A39A005E1A6B /* Base */,
			);
			name = LaunchScreen.storyboard;
			sourceTree = "<group>";
		};
/* End PBXVariantGroup section */

/* Begin XCBuildConfiguration section */
		132CBFD12382A39A005E1A6B /* Debug */ = {
			isa = XCBuildConfiguration;
			buildSettings = {
				ALWAYS_SEARCH_USER_PATHS = NO;
				CLANG_ANALYZER_NONNULL = YES;
				CLANG_ANALYZER_NUMBER_OBJECT_CONVERSION = YES_AGGRESSIVE;
				CLANG_CXX_LANGUAGE_STANDARD = "gnu++14";
				CLANG_CXX_LIBRARY = "libc++";
				CLANG_ENABLE_MODULES = YES;
				CLANG_ENABLE_OBJC_ARC = YES;
				CLANG_ENABLE_OBJC_WEAK = YES;
				CLANG_WARN_BLOCK_CAPTURE_AUTORELEASING = YES;
				CLANG_WARN_BOOL_CONVERSION = YES;
				CLANG_WARN_COMMA = YES;
				CLANG_WARN_CONSTANT_CONVERSION = YES;
				CLANG_WARN_DEPRECATED_OBJC_IMPLEMENTATIONS = YES;
				CLANG_WARN_DIRECT_OBJC_ISA_USAGE = YES_ERROR;
				CLANG_WARN_DOCUMENTATION_COMMENTS = YES;
				CLANG_WARN_EMPTY_BODY = YES;
				CLANG_WARN_ENUM_CONVERSION = YES;
				CLANG_WARN_INFINITE_RECURSION = YES;
				CLANG_WARN_INT_CONVERSION = YES;
				CLANG_WARN_NON_LITERAL_NULL_CONVERSION = YES;
				CLANG_WARN_OBJC_IMPLICIT_RETAIN_SELF = YES;
				CLANG_WARN_OBJC_LITERAL_CONVERSION = YES;
				CLANG_WARN_OBJC_ROOT_CLASS = YES_ERROR;
				CLANG_WARN_RANGE_LOOP_ANALYSIS = YES;
				CLANG_WARN_STRICT_PROTOTYPES = YES;
				CLANG_WARN_SUSPICIOUS_MOVE = YES;
				CLANG_WARN_UNGUARDED_AVAILABILITY = YES_AGGRESSIVE;
				CLANG_WARN_UNREACHABLE_CODE = YES;
				CLANG_WARN__DUPLICATE_METHOD_MATCH = YES;
				COPY_PHASE_STRIP = NO;
				DEBUG_INFORMATION_FORMAT = dwarf;
				ENABLE_STRICT_OBJC_MSGSEND = YES;
				ENABLE_TESTABILITY = YES;
				GCC_C_LANGUAGE_STANDARD = gnu11;
				GCC_DYNAMIC_NO_PIC = NO;
				GCC_NO_COMMON_BLOCKS = YES;
				GCC_OPTIMIZATION_LEVEL = 0;
				GCC_PREPROCESSOR_DEFINITIONS = (
					"DEBUG=1",
					"$(inherited)",
				);
				GCC_WARN_64_TO_32_BIT_CONVERSION = YES;
				GCC_WARN_ABOUT_RETURN_TYPE = YES_ERROR;
				GCC_WARN_UNDECLARED_SELECTOR = YES;
				GCC_WARN_UNINITIALIZED_AUTOS = YES_AGGRESSIVE;
				GCC_WARN_UNUSED_FUNCTION = YES;
				GCC_WARN_UNUSED_VARIABLE = YES;
				IPHONEOS_DEPLOYMENT_TARGET = 13.2;
				MTL_ENABLE_DEBUG_INFO = INCLUDE_SOURCE;
				MTL_FAST_MATH = YES;
				ONLY_ACTIVE_ARCH = YES;
				SDKROOT = iphoneos;
				SWIFT_ACTIVE_COMPILATION_CONDITIONS = DEBUG;
				SWIFT_OPTIMIZATION_LEVEL = "-Onone";
			};
			name = Debug;
		};
		132CBFD22382A39A005E1A6B /* Release */ = {
			isa = XCBuildConfiguration;
			buildSettings = {
				ALWAYS_SEARCH_USER_PATHS = NO;
				CLANG_ANALYZER_NONNULL = YES;
				CLANG_ANALYZER_NUMBER_OBJECT_CONVERSION = YES_AGGRESSIVE;
				CLANG_CXX_LANGUAGE_STANDARD = "gnu++14";
				CLANG_CXX_LIBRARY = "libc++";
				CLANG_ENABLE_MODULES = YES;
				CLANG_ENABLE_OBJC_ARC = YES;
				CLANG_ENABLE_OBJC_WEAK = YES;
				CLANG_WARN_BLOCK_CAPTURE_AUTORELEASING = YES;
				CLANG_WARN_BOOL_CONVERSION = YES;
				CLANG_WARN_COMMA = YES;
				CLANG_WARN_CONSTANT_CONVERSION = YES;
				CLANG_WARN_DEPRECATED_OBJC_IMPLEMENTATIONS = YES;
				CLANG_WARN_DIRECT_OBJC_ISA_USAGE = YES_ERROR;
				CLANG_WARN_DOCUMENTATION_COMMENTS = YES;
				CLANG_WARN_EMPTY_BODY = YES;
				CLANG_WARN_ENUM_CONVERSION = YES;
				CLANG_WARN_INFINITE_RECURSION = YES;
				CLANG_WARN_INT_CONVERSION = YES;
				CLANG_WARN_NON_LITERAL_NULL_CONVERSION = YES;
				CLANG_WARN_OBJC_IMPLICIT_RETAIN_SELF = YES;
				CLANG_WARN_OBJC_LITERAL_CONVERSION = YES;
				CLANG_WARN_OBJC_ROOT_CLASS = YES_ERROR;
				CLANG_WARN_RANGE_LOOP_ANALYSIS = YES;
				CLANG_WARN_STRICT_PROTOTYPES = YES;
				CLANG_WARN_SUSPICIOUS_MOVE = YES;
				CLANG_WARN_UNGUARDED_AVAILABILITY = YES_AGGRESSIVE;
				CLANG_WARN_UNREACHABLE_CODE = YES;
				CLANG_WARN__DUPLICATE_METHOD_MATCH = YES;
				COPY_PHASE_STRIP = NO;
				DEBUG_INFORMATION_FORMAT = "dwarf-with-dsym";
				ENABLE_NS_ASSERTIONS = NO;
				ENABLE_STRICT_OBJC_MSGSEND = YES;
				GCC_C_LANGUAGE_STANDARD = gnu11;
				GCC_NO_COMMON_BLOCKS = YES;
				GCC_WARN_64_TO_32_BIT_CONVERSION = YES;
				GCC_WARN_ABOUT_RETURN_TYPE = YES_ERROR;
				GCC_WARN_UNDECLARED_SELECTOR = YES;
				GCC_WARN_UNINITIALIZED_AUTOS = YES_AGGRESSIVE;
				GCC_WARN_UNUSED_FUNCTION = YES;
				GCC_WARN_UNUSED_VARIABLE = YES;
				IPHONEOS_DEPLOYMENT_TARGET = 13.2;
				MTL_ENABLE_DEBUG_INFO = NO;
				MTL_FAST_MATH = YES;
				SDKROOT = iphoneos;
				SWIFT_COMPILATION_MODE = wholemodule;
				SWIFT_OPTIMIZATION_LEVEL = "-O";
				VALIDATE_PRODUCT = YES;
			};
			name = Release;
		};
		132CBFD42382A39A005E1A6B /* Debug */ = {
			isa = XCBuildConfiguration;
			buildSettings = {
				ASSETCATALOG_COMPILER_APPICON_NAME = AppIcon;
				CLANG_ENABLE_MODULES = YES;
				CODE_SIGN_STYLE = Automatic;
				INFOPLIST_FILE = AppSwiftObjective/Info.plist;
				LD_RUNPATH_SEARCH_PATHS = (
					"$(inherited)",
					"@executable_path/Frameworks",
				);
				PRODUCT_BUNDLE_IDENTIFIER = com.myapp.AppSwiftObjective;
				PRODUCT_NAME = "$(TARGET_NAME)";
				SWIFT_OBJC_BRIDGING_HEADER = "AppSwiftObjective/AppSwiftObjective-Bridging-Header.h";
				SWIFT_OPTIMIZATION_LEVEL = "-Onone";
				SWIFT_VERSION = 5.0;
				TARGETED_DEVICE_FAMILY = "1,2";
			};
			name = Debug;
		};
		132CBFD52382A39A005E1A6B /* Release */ = {
			isa = XCBuildConfiguration;
			buildSettings = {
				ASSETCATALOG_COMPILER_APPICON_NAME = AppIcon;
				CLANG_ENABLE_MODULES = YES;
				CODE_SIGN_STYLE = Automatic;
				INFOPLIST_FILE = AppSwiftObjective/Info.plist;
				LD_RUNPATH_SEARCH_PATHS = (
					"$(inherited)",
					"@executable_path/Frameworks",
				);
				PRODUCT_BUNDLE_IDENTIFIER = com.myapp.AppSwiftObjective;
				PRODUCT_NAME = "$(TARGET_NAME)";
				SWIFT_OBJC_BRIDGING_HEADER = "AppSwiftObjective/AppSwiftObjective-Bridging-Header.h";
				SWIFT_VERSION = 5.0;
				TARGETED_DEVICE_FAMILY = "1,2";
			};
			name = Release;
		};
/* End XCBuildConfiguration section */

/* Begin XCConfigurationList section */
		132CBFBA2382A39A005E1A6B /* Build configuration list for PBXProject "AppSwiftObjective" */ = {
			isa = XCConfigurationList;
			buildConfigurations = (
				132CBFD12382A39A005E1A6B /* Debug */,
				132CBFD22382A39A005E1A6B /* Release */,
			);
			defaultConfigurationIsVisible = 0;
			defaultConfigurationName = Release;
		};
		132CBFD32382A39A005E1A6B /* Build configuration list for PBXNativeTarget "AppSwiftObjective" */ = {
			isa = XCConfigurationList;
			buildConfigurations = (
				132CBFD42382A39A005E1A6B /* Debug */,
				132CBFD52382A39A005E1A6B /* Release */,
			);
			defaultConfigurationIsVisible = 0;
			defaultConfigurationName = Release;
		};
/* End XCConfigurationList section */
	};
	rootObject = 132CBFB72382A39A005E1A6B /* Project object */;
}
