// !$*UTF8*$!
{
	archiveVersion = 1;
	classes = {
	};
	objectVersion = 50;
	objects = {

/* Begin PBXBuildFile section */
		130F50E7237B6A610033B0EB /* AppDelegate.swift in Sources */ = {isa = PBXBuildFile; fileRef = 130F50E6237B6A610033B0EB /* AppDelegate.swift */; };
		130F50E9237B6A610033B0EB /* SceneDelegate.swift in Sources */ = {isa = PBXBuildFile; fileRef = 130F50E8237B6A610033B0EB /* SceneDelegate.swift */; };
		130F50EB237B6A610033B0EB /* ViewController.swift in Sources */ = {isa = PBXBuildFile; fileRef = 130F50EA237B6A610033B0EB /* ViewController.swift */; };
		130F50EE237B6A610033B0EB /* Main.storyboard in Resources */ = {isa = PBXBuildFile; fileRef = 130F50EC237B6A610033B0EB /* Main.storyboard */; };
		130F50F0237B6A620033B0EB /* Assets.xcassets in Resources */ = {isa = PBXBuildFile; fileRef = 130F50EF237B6A620033B0EB /* Assets.xcassets */; };
		130F50F3237B6A620033B0EB /* LaunchScreen.storyboard in Resources */ = {isa = PBXBuildFile; fileRef = 130F50F1237B6A620033B0EB /* LaunchScreen.storyboard */; };
		130F50FB237B6B770033B0EB /* DetailViewController.swift in Sources */ = {isa = PBXBuildFile; fileRef = 130F50FA237B6B770033B0EB /* DetailViewController.swift */; };
		130F50FD237B6D520033B0EB /* DataModel.swift in Sources */ = {isa = PBXBuildFile; fileRef = 130F50FC237B6D520033B0EB /* DataModel.swift */; };
/* End PBXBuildFile section */

/* Begin PBXFileReference section */
		130F50E3237B6A610033B0EB /* TableViewDetail.app */ = {isa = PBXFileReference; explicitFileType = wrapper.application; includeInIndex = 0; path = TableViewDetail.app; sourceTree = BUILT_PRODUCTS_DIR; };
		130F50E6237B6A610033B0EB /* AppDelegate.swift */ = {isa = PBXFileReference; lastKnownFileType = sourcecode.swift; path = AppDelegate.swift; sourceTree = "<group>"; };
		130F50E8237B6A610033B0EB /* SceneDelegate.swift */ = {isa = PBXFileReference; lastKnownFileType = sourcecode.swift; path = SceneDelegate.swift; sourceTree = "<group>"; };
		130F50EA237B6A610033B0EB /* ViewController.swift */ = {isa = PBXFileReference; lastKnownFileType = sourcecode.swift; path = ViewController.swift; sourceTree = "<group>"; };
		130F50ED237B6A610033B0EB /* Base */ = {isa = PBXFileReference; lastKnownFileType = file.storyboard; name = Base; path = Base.lproj/Main.storyboard; sourceTree = "<group>"; };
		130F50EF237B6A620033B0EB /* Assets.xcassets */ = {isa = PBXFileReference; lastKnownFileType = folder.assetcatalog; path = Assets.xcassets; sourceTree = "<group>"; };
		130F50F2237B6A620033B0EB /* Base */ = {isa = PBXFileReference; lastKnownFileType = file.storyboard; name = Base; path = Base.lproj/LaunchScreen.storyboard; sourceTree = "<group>"; };
		130F50F4237B6A620033B0EB /* Info.plist */ = {isa = PBXFileReference; lastKnownFileType = text.plist.xml; path = Info.plist; sourceTree = "<group>"; };
		130F50FA237B6B770033B0EB /* DetailViewController.swift */ = {isa = PBXFileReference; lastKnownFileType = sourcecode.swift; path = DetailViewController.swift; sourceTree = "<group>"; };
		130F50FC237B6D520033B0EB /* DataModel.swift */ = {isa = PBXFileReference; lastKnownFileType = sourcecode.swift; path = DataModel.swift; sourceTree = "<group>"; };
/* End PBXFileReference section */

/* Begin PBXFrameworksBuildPhase section */
		130F50E0237B6A610033B0EB /* Frameworks */ = {
			isa = PBXFrameworksBuildPhase;
			buildActionMask = 2147483647;
			files = (
			);
			runOnlyForDeploymentPostprocessing = 0;
		};
/* End PBXFrameworksBuildPhase section */

/* Begin PBXGroup section */
		130F50DA237B6A610033B0EB = {
			isa = PBXGroup;
			children = (
				130F50E5237B6A610033B0EB /* TableViewDetail */,
				130F50E4237B6A610033B0EB /* Products */,
			);
			sourceTree = "<group>";
		};
		130F50E4237B6A610033B0EB /* Products */ = {
			isa = PBXGroup;
			children = (
				130F50E3237B6A610033B0EB /* TableViewDetail.app */,
			);
			name = Products;
			sourceTree = "<group>";
		};
		130F50E5237B6A610033B0EB /* TableViewDetail */ = {
			isa = PBXGroup;
			children = (
				130F50E6237B6A610033B0EB /* AppDelegate.swift */,
				130F50E8237B6A610033B0EB /* SceneDelegate.swift */,
				130F50EA237B6A610033B0EB /* ViewController.swift */,
				130F50FC237B6D520033B0EB /* DataModel.swift */,
				130F50FA237B6B770033B0EB /* DetailViewController.swift */,
				130F50EC237B6A610033B0EB /* Main.storyboard */,
				130F50EF237B6A620033B0EB /* Assets.xcassets */,
				130F50F1237B6A620033B0EB /* LaunchScreen.storyboard */,
				130F50F4237B6A620033B0EB /* Info.plist */,
			);
			path = TableViewDetail;
			sourceTree = "<group>";
		};
/* End PBXGroup section */

/* Begin PBXNativeTarget section */
		130F50E2237B6A610033B0EB /* TableViewDetail */ = {
			isa = PBXNativeTarget;
			buildConfigurationList = 130F50F7237B6A620033B0EB /* Build configuration list for PBXNativeTarget "TableViewDetail" */;
			buildPhases = (
				130F50DF237B6A610033B0EB /* Sources */,
				130F50E0237B6A610033B0EB /* Frameworks */,
				130F50E1237B6A610033B0EB /* Resources */,
			);
			buildRules = (
			);
			dependencies = (
			);
			name = TableViewDetail;
			productName = TableViewDetail;
			productReference = 130F50E3237B6A610033B0EB /* TableViewDetail.app */;
			productType = "com.apple.product-type.application";
		};
/* End PBXNativeTarget section */

/* Begin PBXProject section */
		130F50DB237B6A610033B0EB /* Project object */ = {
			isa = PBXProject;
			attributes = {
				LastSwiftUpdateCheck = 1120;
				LastUpgradeCheck = 1120;
				ORGANIZATIONNAME = Bedu;
				TargetAttributes = {
					130F50E2237B6A610033B0EB = {
						CreatedOnToolsVersion = 11.2;
					};
				};
			};
			buildConfigurationList = 130F50DE237B6A610033B0EB /* Build configuration list for PBXProject "TableViewDetail" */;
			compatibilityVersion = "Xcode 9.3";
			developmentRegion = en;
			hasScannedForEncodings = 0;
			knownRegions = (
				en,
				Base,
			);
			mainGroup = 130F50DA237B6A610033B0EB;
			productRefGroup = 130F50E4237B6A610033B0EB /* Products */;
			projectDirPath = "";
			projectRoot = "";
			targets = (
				130F50E2237B6A610033B0EB /* TableViewDetail */,
			);
		};
/* End PBXProject section */

/* Begin PBXResourcesBuildPhase section */
		130F50E1237B6A610033B0EB /* Resources */ = {
			isa = PBXResourcesBuildPhase;
			buildActionMask = 2147483647;
			files = (
				130F50F3237B6A620033B0EB /* LaunchScreen.storyboard in Resources */,
				130F50F0237B6A620033B0EB /* Assets.xcassets in Resources */,
				130F50EE237B6A610033B0EB /* Main.storyboard in Resources */,
			);
			runOnlyForDeploymentPostprocessing = 0;
		};
/* End PBXResourcesBuildPhase section */

/* Begin PBXSourcesBuildPhase section */
		130F50DF237B6A610033B0EB /* Sources */ = {
			isa = PBXSourcesBuildPhase;
			buildActionMask = 2147483647;
			files = (
				130F50FD237B6D520033B0EB /* DataModel.swift in Sources */,
				130F50EB237B6A610033B0EB /* ViewController.swift in Sources */,
				130F50E7237B6A610033B0EB /* AppDelegate.swift in Sources */,
				130F50E9237B6A610033B0EB /* SceneDelegate.swift in Sources */,
				130F50FB237B6B770033B0EB /* DetailViewController.swift in Sources */,
			);
			runOnlyForDeploymentPostprocessing = 0;
		};
/* End PBXSourcesBuildPhase section */

/* Begin PBXVariantGroup section */
		130F50EC237B6A610033B0EB /* Main.storyboard */ = {
			isa = PBXVariantGroup;
			children = (
				130F50ED237B6A610033B0EB /* Base */,
			);
			name = Main.storyboard;
			sourceTree = "<group>";
		};
		130F50F1237B6A620033B0EB /* LaunchScreen.storyboard */ = {
			isa = PBXVariantGroup;
			children = (
				130F50F2237B6A620033B0EB /* Base */,
			);
			name = LaunchScreen.storyboard;
			sourceTree = "<group>";
		};
/* End PBXVariantGroup section */

/* Begin XCBuildConfiguration section */
		130F50F5237B6A620033B0EB /* Debug */ = {
			isa = XCBuildConfiguration;
			buildSettings = {
				ALWAYS_SEARCH_USER_PATHS = NO;
				CLANG_ANALYZER_NONNULL = YES;
				CLANG_ANALYZER_NUMBER_OBJECT_CONVERSION = YES_AGGRESSIVE;
				CLANG_CXX_LANGUAGE_STANDARD = "gnu++14";
				CLANG_CXX_LIBRARY = "libc++";
				CLANG_ENABLE_MODULES = YES;
				CLANG_ENABLE_OBJC_ARC = YES;
				CLANG_ENABLE_OBJC_WEAK = YES;
				CLANG_WARN_BLOCK_CAPTURE_AUTORELEASING = YES;
				CLANG_WARN_BOOL_CONVERSION = YES;
				CLANG_WARN_COMMA = YES;
				CLANG_WARN_CONSTANT_CONVERSION = YES;
				CLANG_WARN_DEPRECATED_OBJC_IMPLEMENTATIONS = YES;
				CLANG_WARN_DIRECT_OBJC_ISA_USAGE = YES_ERROR;
				CLANG_WARN_DOCUMENTATION_COMMENTS = YES;
				CLANG_WARN_EMPTY_BODY = YES;
				CLANG_WARN_ENUM_CONVERSION = YES;
				CLANG_WARN_INFINITE_RECURSION = YES;
				CLANG_WARN_INT_CONVERSION = YES;
				CLANG_WARN_NON_LITERAL_NULL_CONVERSION = YES;
				CLANG_WARN_OBJC_IMPLICIT_RETAIN_SELF = YES;
				CLANG_WARN_OBJC_LITERAL_CONVERSION = YES;
				CLANG_WARN_OBJC_ROOT_CLASS = YES_ERROR;
				CLANG_WARN_RANGE_LOOP_ANALYSIS = YES;
				CLANG_WARN_STRICT_PROTOTYPES = YES;
				CLANG_WARN_SUSPICIOUS_MOVE = YES;
				CLANG_WARN_UNGUARDED_AVAILABILITY = YES_AGGRESSIVE;
				CLANG_WARN_UNREACHABLE_CODE = YES;
				CLANG_WARN__DUPLICATE_METHOD_MATCH = YES;
				COPY_PHASE_STRIP = NO;
				DEBUG_INFORMATION_FORMAT = dwarf;
				ENABLE_STRICT_OBJC_MSGSEND = YES;
				ENABLE_TESTABILITY = YES;
				GCC_C_LANGUAGE_STANDARD = gnu11;
				GCC_DYNAMIC_NO_PIC = NO;
				GCC_NO_COMMON_BLOCKS = YES;
				GCC_OPTIMIZATION_LEVEL = 0;
				GCC_PREPROCESSOR_DEFINITIONS = (
					"DEBUG=1",
					"$(inherited)",
				);
				GCC_WARN_64_TO_32_BIT_CONVERSION = YES;
				GCC_WARN_ABOUT_RETURN_TYPE = YES_ERROR;
				GCC_WARN_UNDECLARED_SELECTOR = YES;
				GCC_WARN_UNINITIALIZED_AUTOS = YES_AGGRESSIVE;
				GCC_WARN_UNUSED_FUNCTION = YES;
				GCC_WARN_UNUSED_VARIABLE = YES;
				IPHONEOS_DEPLOYMENT_TARGET = 13.2;
				MTL_ENABLE_DEBUG_INFO = INCLUDE_SOURCE;
				MTL_FAST_MATH = YES;
				ONLY_ACTIVE_ARCH = YES;
				SDKROOT = iphoneos;
				SWIFT_ACTIVE_COMPILATION_CONDITIONS = DEBUG;
				SWIFT_OPTIMIZATION_LEVEL = "-Onone";
			};
			name = Debug;
		};
		130F50F6237B6A620033B0EB /* Release */ = {
			isa = XCBuildConfiguration;
			buildSettings = {
				ALWAYS_SEARCH_USER_PATHS = NO;
				CLANG_ANALYZER_NONNULL = YES;
				CLANG_ANALYZER_NUMBER_OBJECT_CONVERSION = YES_AGGRESSIVE;
				CLANG_CXX_LANGUAGE_STANDARD = "gnu++14";
				CLANG_CXX_LIBRARY = "libc++";
				CLANG_ENABLE_MODULES = YES;
				CLANG_ENABLE_OBJC_ARC = YES;
				CLANG_ENABLE_OBJC_WEAK = YES;
				CLANG_WARN_BLOCK_CAPTURE_AUTORELEASING = YES;
				CLANG_WARN_BOOL_CONVERSION = YES;
				CLANG_WARN_COMMA = YES;
				CLANG_WARN_CONSTANT_CONVERSION = YES;
				CLANG_WARN_DEPRECATED_OBJC_IMPLEMENTATIONS = YES;
				CLANG_WARN_DIRECT_OBJC_ISA_USAGE = YES_ERROR;
				CLANG_WARN_DOCUMENTATION_COMMENTS = YES;
				CLANG_WARN_EMPTY_BODY = YES;
				CLANG_WARN_ENUM_CONVERSION = YES;
				CLANG_WARN_INFINITE_RECURSION = YES;
				CLANG_WARN_INT_CONVERSION = YES;
				CLANG_WARN_NON_LITERAL_NULL_CONVERSION = YES;
				CLANG_WARN_OBJC_IMPLICIT_RETAIN_SELF = YES;
				CLANG_WARN_OBJC_LITERAL_CONVERSION = YES;
				CLANG_WARN_OBJC_ROOT_CLASS = YES_ERROR;
				CLANG_WARN_RANGE_LOOP_ANALYSIS = YES;
				CLANG_WARN_STRICT_PROTOTYPES = YES;
				CLANG_WARN_SUSPICIOUS_MOVE = YES;
				CLANG_WARN_UNGUARDED_AVAILABILITY = YES_AGGRESSIVE;
				CLANG_WARN_UNREACHABLE_CODE = YES;
				CLANG_WARN__DUPLICATE_METHOD_MATCH = YES;
				COPY_PHASE_STRIP = NO;
				DEBUG_INFORMATION_FORMAT = "dwarf-with-dsym";
				ENABLE_NS_ASSERTIONS = NO;
				ENABLE_STRICT_OBJC_MSGSEND = YES;
				GCC_C_LANGUAGE_STANDARD = gnu11;
				GCC_NO_COMMON_BLOCKS = YES;
				GCC_WARN_64_TO_32_BIT_CONVERSION = YES;
				GCC_WARN_ABOUT_RETURN_TYPE = YES_ERROR;
				GCC_WARN_UNDECLARED_SELECTOR = YES;
				GCC_WARN_UNINITIALIZED_AUTOS = YES_AGGRESSIVE;
				GCC_WARN_UNUSED_FUNCTION = YES;
				GCC_WARN_UNUSED_VARIABLE = YES;
				IPHONEOS_DEPLOYMENT_TARGET = 13.2;
				MTL_ENABLE_DEBUG_INFO = NO;
				MTL_FAST_MATH = YES;
				SDKROOT = iphoneos;
				SWIFT_COMPILATION_MODE = wholemodule;
				SWIFT_OPTIMIZATION_LEVEL = "-O";
				VALIDATE_PRODUCT = YES;
			};
			name = Release;
		};
		130F50F8237B6A620033B0EB /* Debug */ = {
			isa = XCBuildConfiguration;
			buildSettings = {
				ASSETCATALOG_COMPILER_APPICON_NAME = AppIcon;
				CODE_SIGN_STYLE = Automatic;
				INFOPLIST_FILE = TableViewDetail/Info.plist;
				LD_RUNPATH_SEARCH_PATHS = (
					"$(inherited)",
					"@executable_path/Frameworks",
				);
				PRODUCT_BUNDLE_IDENTIFIER = com.myapp.TableViewDetail;
				PRODUCT_NAME = "$(TARGET_NAME)";
				SWIFT_VERSION = 5.0;
				TARGETED_DEVICE_FAMILY = "1,2";
			};
			name = Debug;
		};
		130F50F9237B6A620033B0EB /* Release */ = {
			isa = XCBuildConfiguration;
			buildSettings = {
				ASSETCATALOG_COMPILER_APPICON_NAME = AppIcon;
				CODE_SIGN_STYLE = Automatic;
				INFOPLIST_FILE = TableViewDetail/Info.plist;
				LD_RUNPATH_SEARCH_PATHS = (
					"$(inherited)",
					"@executable_path/Frameworks",
				);
				PRODUCT_BUNDLE_IDENTIFIER = com.myapp.TableViewDetail;
				PRODUCT_NAME = "$(TARGET_NAME)";
				SWIFT_VERSION = 5.0;
				TARGETED_DEVICE_FAMILY = "1,2";
			};
			name = Release;
		};
/* End XCBuildConfiguration section */

/* Begin XCConfigurationList section */
		130F50DE237B6A610033B0EB /* Build configuration list for PBXProject "TableViewDetail" */ = {
			isa = XCConfigurationList;
			buildConfigurations = (
				130F50F5237B6A620033B0EB /* Debug */,
				130F50F6237B6A620033B0EB /* Release */,
			);
			defaultConfigurationIsVisible = 0;
			defaultConfigurationName = Release;
		};
		130F50F7237B6A620033B0EB /* Build configuration list for PBXNativeTarget "TableViewDetail" */ = {
			isa = XCConfigurationList;
			buildConfigurations = (
				130F50F8237B6A620033B0EB /* Debug */,
				130F50F9237B6A620033B0EB /* Release */,
			);
			defaultConfigurationIsVisible = 0;
			defaultConfigurationName = Release;
		};
/* End XCConfigurationList section */
	};
	rootObject = 130F50DB237B6A610033B0EB /* Project object */;
}
