// !$*UTF8*$!
{
	archiveVersion = 1;
	classes = {
	};
	objectVersion = 50;
	objects = {

/* Begin PBXBuildFile section */
		137345E5237B5E1200BB0AA1 /* AppDelegate.swift in Sources */ = {isa = PBXBuildFile; fileRef = 137345E4237B5E1200BB0AA1 /* AppDelegate.swift */; };
		137345E7237B5E1200BB0AA1 /* SceneDelegate.swift in Sources */ = {isa = PBXBuildFile; fileRef = 137345E6237B5E1200BB0AA1 /* SceneDelegate.swift */; };
		137345E9237B5E1200BB0AA1 /* ViewController.swift in Sources */ = {isa = PBXBuildFile; fileRef = 137345E8237B5E1200BB0AA1 /* ViewController.swift */; };
		137345EC237B5E1200BB0AA1 /* Main.storyboard in Resources */ = {isa = PBXBuildFile; fileRef = 137345EA237B5E1200BB0AA1 /* Main.storyboard */; };
		137345EE237B5E1200BB0AA1 /* Assets.xcassets in Resources */ = {isa = PBXBuildFile; fileRef = 137345ED237B5E1200BB0AA1 /* Assets.xcassets */; };
		137345F1237B5E1200BB0AA1 /* LaunchScreen.storyboard in Resources */ = {isa = PBXBuildFile; fileRef = 137345EF237B5E1200BB0AA1 /* LaunchScreen.storyboard */; };
		137345F9237B5EB600BB0AA1 /* ViewController2.swift in Sources */ = {isa = PBXBuildFile; fileRef = 137345F8237B5EB600BB0AA1 /* ViewController2.swift */; };
/* End PBXBuildFile section */

/* Begin PBXFileReference section */
		137345E1237B5E1200BB0AA1 /* VCOperations.app */ = {isa = PBXFileReference; explicitFileType = wrapper.application; includeInIndex = 0; path = VCOperations.app; sourceTree = BUILT_PRODUCTS_DIR; };
		137345E4237B5E1200BB0AA1 /* AppDelegate.swift */ = {isa = PBXFileReference; lastKnownFileType = sourcecode.swift; path = AppDelegate.swift; sourceTree = "<group>"; };
		137345E6237B5E1200BB0AA1 /* SceneDelegate.swift */ = {isa = PBXFileReference; lastKnownFileType = sourcecode.swift; path = SceneDelegate.swift; sourceTree = "<group>"; };
		137345E8237B5E1200BB0AA1 /* ViewController.swift */ = {isa = PBXFileReference; lastKnownFileType = sourcecode.swift; path = ViewController.swift; sourceTree = "<group>"; };
		137345EB237B5E1200BB0AA1 /* Base */ = {isa = PBXFileReference; lastKnownFileType = file.storyboard; name = Base; path = Base.lproj/Main.storyboard; sourceTree = "<group>"; };
		137345ED237B5E1200BB0AA1 /* Assets.xcassets */ = {isa = PBXFileReference; lastKnownFileType = folder.assetcatalog; path = Assets.xcassets; sourceTree = "<group>"; };
		137345F0237B5E1200BB0AA1 /* Base */ = {isa = PBXFileReference; lastKnownFileType = file.storyboard; name = Base; path = Base.lproj/LaunchScreen.storyboard; sourceTree = "<group>"; };
		137345F2237B5E1200BB0AA1 /* Info.plist */ = {isa = PBXFileReference; lastKnownFileType = text.plist.xml; path = Info.plist; sourceTree = "<group>"; };
		137345F8237B5EB600BB0AA1 /* ViewController2.swift */ = {isa = PBXFileReference; lastKnownFileType = sourcecode.swift; path = ViewController2.swift; sourceTree = "<group>"; };
/* End PBXFileReference section */

/* Begin PBXFrameworksBuildPhase section */
		137345DE237B5E1200BB0AA1 /* Frameworks */ = {
			isa = PBXFrameworksBuildPhase;
			buildActionMask = 2147483647;
			files = (
			);
			runOnlyForDeploymentPostprocessing = 0;
		};
/* End PBXFrameworksBuildPhase section */

/* Begin PBXGroup section */
		137345D8237B5E1200BB0AA1 = {
			isa = PBXGroup;
			children = (
				137345E3237B5E1200BB0AA1 /* VCOperations */,
				137345E2237B5E1200BB0AA1 /* Products */,
			);
			sourceTree = "<group>";
		};
		137345E2237B5E1200BB0AA1 /* Products */ = {
			isa = PBXGroup;
			children = (
				137345E1237B5E1200BB0AA1 /* VCOperations.app */,
			);
			name = Products;
			sourceTree = "<group>";
		};
		137345E3237B5E1200BB0AA1 /* VCOperations */ = {
			isa = PBXGroup;
			children = (
				137345E4237B5E1200BB0AA1 /* AppDelegate.swift */,
				137345E6237B5E1200BB0AA1 /* SceneDelegate.swift */,
				137345E8237B5E1200BB0AA1 /* ViewController.swift */,
				137345F8237B5EB600BB0AA1 /* ViewController2.swift */,
				137345EA237B5E1200BB0AA1 /* Main.storyboard */,
				137345ED237B5E1200BB0AA1 /* Assets.xcassets */,
				137345EF237B5E1200BB0AA1 /* LaunchScreen.storyboard */,
				137345F2237B5E1200BB0AA1 /* Info.plist */,
			);
			path = VCOperations;
			sourceTree = "<group>";
		};
/* End PBXGroup section */

/* Begin PBXNativeTarget section */
		137345E0237B5E1200BB0AA1 /* VCOperations */ = {
			isa = PBXNativeTarget;
			buildConfigurationList = 137345F5237B5E1200BB0AA1 /* Build configuration list for PBXNativeTarget "VCOperations" */;
			buildPhases = (
				137345DD237B5E1200BB0AA1 /* Sources */,
				137345DE237B5E1200BB0AA1 /* Frameworks */,
				137345DF237B5E1200BB0AA1 /* Resources */,
			);
			buildRules = (
			);
			dependencies = (
			);
			name = VCOperations;
			productName = VCOperations;
			productReference = 137345E1237B5E1200BB0AA1 /* VCOperations.app */;
			productType = "com.apple.product-type.application";
		};
/* End PBXNativeTarget section */

/* Begin PBXProject section */
		137345D9237B5E1200BB0AA1 /* Project object */ = {
			isa = PBXProject;
			attributes = {
				LastSwiftUpdateCheck = 1120;
				LastUpgradeCheck = 1120;
				ORGANIZATIONNAME = Bedu;
				TargetAttributes = {
					137345E0237B5E1200BB0AA1 = {
						CreatedOnToolsVersion = 11.2;
					};
				};
			};
			buildConfigurationList = 137345DC237B5E1200BB0AA1 /* Build configuration list for PBXProject "VCOperations" */;
			compatibilityVersion = "Xcode 9.3";
			developmentRegion = en;
			hasScannedForEncodings = 0;
			knownRegions = (
				en,
				Base,
			);
			mainGroup = 137345D8237B5E1200BB0AA1;
			productRefGroup = 137345E2237B5E1200BB0AA1 /* Products */;
			projectDirPath = "";
			projectRoot = "";
			targets = (
				137345E0237B5E1200BB0AA1 /* VCOperations */,
			);
		};
/* End PBXProject section */

/* Begin PBXResourcesBuildPhase section */
		137345DF237B5E1200BB0AA1 /* Resources */ = {
			isa = PBXResourcesBuildPhase;
			buildActionMask = 2147483647;
			files = (
				137345F1237B5E1200BB0AA1 /* LaunchScreen.storyboard in Resources */,
				137345EE237B5E1200BB0AA1 /* Assets.xcassets in Resources */,
				137345EC237B5E1200BB0AA1 /* Main.storyboard in Resources */,
			);
			runOnlyForDeploymentPostprocessing = 0;
		};
/* End PBXResourcesBuildPhase section */

/* Begin PBXSourcesBuildPhase section */
		137345DD237B5E1200BB0AA1 /* Sources */ = {
			isa = PBXSourcesBuildPhase;
			buildActionMask = 2147483647;
			files = (
				137345E9237B5E1200BB0AA1 /* ViewController.swift in Sources */,
				137345F9237B5EB600BB0AA1 /* ViewController2.swift in Sources */,
				137345E5237B5E1200BB0AA1 /* AppDelegate.swift in Sources */,
				137345E7237B5E1200BB0AA1 /* SceneDelegate.swift in Sources */,
			);
			runOnlyForDeploymentPostprocessing = 0;
		};
/* End PBXSourcesBuildPhase section */

/* Begin PBXVariantGroup section */
		137345EA237B5E1200BB0AA1 /* Main.storyboard */ = {
			isa = PBXVariantGroup;
			children = (
				137345EB237B5E1200BB0AA1 /* Base */,
			);
			name = Main.storyboard;
			sourceTree = "<group>";
		};
		137345EF237B5E1200BB0AA1 /* LaunchScreen.storyboard */ = {
			isa = PBXVariantGroup;
			children = (
				137345F0237B5E1200BB0AA1 /* Base */,
			);
			name = LaunchScreen.storyboard;
			sourceTree = "<group>";
		};
/* End PBXVariantGroup section */

/* Begin XCBuildConfiguration section */
		137345F3237B5E1200BB0AA1 /* Debug */ = {
			isa = XCBuildConfiguration;
			buildSettings = {
				ALWAYS_SEARCH_USER_PATHS = NO;
				CLANG_ANALYZER_NONNULL = YES;
				CLANG_ANALYZER_NUMBER_OBJECT_CONVERSION = YES_AGGRESSIVE;
				CLANG_CXX_LANGUAGE_STANDARD = "gnu++14";
				CLANG_CXX_LIBRARY = "libc++";
				CLANG_ENABLE_MODULES = YES;
				CLANG_ENABLE_OBJC_ARC = YES;
				CLANG_ENABLE_OBJC_WEAK = YES;
				CLANG_WARN_BLOCK_CAPTURE_AUTORELEASING = YES;
				CLANG_WARN_BOOL_CONVERSION = YES;
				CLANG_WARN_COMMA = YES;
				CLANG_WARN_CONSTANT_CONVERSION = YES;
				CLANG_WARN_DEPRECATED_OBJC_IMPLEMENTATIONS = YES;
				CLANG_WARN_DIRECT_OBJC_ISA_USAGE = YES_ERROR;
				CLANG_WARN_DOCUMENTATION_COMMENTS = YES;
				CLANG_WARN_EMPTY_BODY = YES;
				CLANG_WARN_ENUM_CONVERSION = YES;
				CLANG_WARN_INFINITE_RECURSION = YES;
				CLANG_WARN_INT_CONVERSION = YES;
				CLANG_WARN_NON_LITERAL_NULL_CONVERSION = YES;
				CLANG_WARN_OBJC_IMPLICIT_RETAIN_SELF = YES;
				CLANG_WARN_OBJC_LITERAL_CONVERSION = YES;
				CLANG_WARN_OBJC_ROOT_CLASS = YES_ERROR;
				CLANG_WARN_RANGE_LOOP_ANALYSIS = YES;
				CLANG_WARN_STRICT_PROTOTYPES = YES;
				CLANG_WARN_SUSPICIOUS_MOVE = YES;
				CLANG_WARN_UNGUARDED_AVAILABILITY = YES_AGGRESSIVE;
				CLANG_WARN_UNREACHABLE_CODE = YES;
				CLANG_WARN__DUPLICATE_METHOD_MATCH = YES;
				COPY_PHASE_STRIP = NO;
				DEBUG_INFORMATION_FORMAT = dwarf;
				ENABLE_STRICT_OBJC_MSGSEND = YES;
				ENABLE_TESTABILITY = YES;
				GCC_C_LANGUAGE_STANDARD = gnu11;
				GCC_DYNAMIC_NO_PIC = NO;
				GCC_NO_COMMON_BLOCKS = YES;
				GCC_OPTIMIZATION_LEVEL = 0;
				GCC_PREPROCESSOR_DEFINITIONS = (
					"DEBUG=1",
					"$(inherited)",
				);
				GCC_WARN_64_TO_32_BIT_CONVERSION = YES;
				GCC_WARN_ABOUT_RETURN_TYPE = YES_ERROR;
				GCC_WARN_UNDECLARED_SELECTOR = YES;
				GCC_WARN_UNINITIALIZED_AUTOS = YES_AGGRESSIVE;
				GCC_WARN_UNUSED_FUNCTION = YES;
				GCC_WARN_UNUSED_VARIABLE = YES;
				IPHONEOS_DEPLOYMENT_TARGET = 13.2;
				MTL_ENABLE_DEBUG_INFO = INCLUDE_SOURCE;
				MTL_FAST_MATH = YES;
				ONLY_ACTIVE_ARCH = YES;
				SDKROOT = iphoneos;
				SWIFT_ACTIVE_COMPILATION_CONDITIONS = DEBUG;
				SWIFT_OPTIMIZATION_LEVEL = "-Onone";
			};
			name = Debug;
		};
		137345F4237B5E1200BB0AA1 /* Release */ = {
			isa = XCBuildConfiguration;
			buildSettings = {
				ALWAYS_SEARCH_USER_PATHS = NO;
				CLANG_ANALYZER_NONNULL = YES;
				CLANG_ANALYZER_NUMBER_OBJECT_CONVERSION = YES_AGGRESSIVE;
				CLANG_CXX_LANGUAGE_STANDARD = "gnu++14";
				CLANG_CXX_LIBRARY = "libc++";
				CLANG_ENABLE_MODULES = YES;
				CLANG_ENABLE_OBJC_ARC = YES;
				CLANG_ENABLE_OBJC_WEAK = YES;
				CLANG_WARN_BLOCK_CAPTURE_AUTORELEASING = YES;
				CLANG_WARN_BOOL_CONVERSION = YES;
				CLANG_WARN_COMMA = YES;
				CLANG_WARN_CONSTANT_CONVERSION = YES;
				CLANG_WARN_DEPRECATED_OBJC_IMPLEMENTATIONS = YES;
				CLANG_WARN_DIRECT_OBJC_ISA_USAGE = YES_ERROR;
				CLANG_WARN_DOCUMENTATION_COMMENTS = YES;
				CLANG_WARN_EMPTY_BODY = YES;
				CLANG_WARN_ENUM_CONVERSION = YES;
				CLANG_WARN_INFINITE_RECURSION = YES;
				CLANG_WARN_INT_CONVERSION = YES;
				CLANG_WARN_NON_LITERAL_NULL_CONVERSION = YES;
				CLANG_WARN_OBJC_IMPLICIT_RETAIN_SELF = YES;
				CLANG_WARN_OBJC_LITERAL_CONVERSION = YES;
				CLANG_WARN_OBJC_ROOT_CLASS = YES_ERROR;
				CLANG_WARN_RANGE_LOOP_ANALYSIS = YES;
				CLANG_WARN_STRICT_PROTOTYPES = YES;
				CLANG_WARN_SUSPICIOUS_MOVE = YES;
				CLANG_WARN_UNGUARDED_AVAILABILITY = YES_AGGRESSIVE;
				CLANG_WARN_UNREACHABLE_CODE = YES;
				CLANG_WARN__DUPLICATE_METHOD_MATCH = YES;
				COPY_PHASE_STRIP = NO;
				DEBUG_INFORMATION_FORMAT = "dwarf-with-dsym";
				ENABLE_NS_ASSERTIONS = NO;
				ENABLE_STRICT_OBJC_MSGSEND = YES;
				GCC_C_LANGUAGE_STANDARD = gnu11;
				GCC_NO_COMMON_BLOCKS = YES;
				GCC_WARN_64_TO_32_BIT_CONVERSION = YES;
				GCC_WARN_ABOUT_RETURN_TYPE = YES_ERROR;
				GCC_WARN_UNDECLARED_SELECTOR = YES;
				GCC_WARN_UNINITIALIZED_AUTOS = YES_AGGRESSIVE;
				GCC_WARN_UNUSED_FUNCTION = YES;
				GCC_WARN_UNUSED_VARIABLE = YES;
				IPHONEOS_DEPLOYMENT_TARGET = 13.2;
				MTL_ENABLE_DEBUG_INFO = NO;
				MTL_FAST_MATH = YES;
				SDKROOT = iphoneos;
				SWIFT_COMPILATION_MODE = wholemodule;
				SWIFT_OPTIMIZATION_LEVEL = "-O";
				VALIDATE_PRODUCT = YES;
			};
			name = Release;
		};
		137345F6237B5E1200BB0AA1 /* Debug */ = {
			isa = XCBuildConfiguration;
			buildSettings = {
				ASSETCATALOG_COMPILER_APPICON_NAME = AppIcon;
				CODE_SIGN_STYLE = Automatic;
				INFOPLIST_FILE = VCOperations/Info.plist;
				LD_RUNPATH_SEARCH_PATHS = (
					"$(inherited)",
					"@executable_path/Frameworks",
				);
				PRODUCT_BUNDLE_IDENTIFIER = com.myapp.VCOperations;
				PRODUCT_NAME = "$(TARGET_NAME)";
				SWIFT_VERSION = 5.0;
				TARGETED_DEVICE_FAMILY = "1,2";
			};
			name = Debug;
		};
		137345F7237B5E1200BB0AA1 /* Release */ = {
			isa = XCBuildConfiguration;
			buildSettings = {
				ASSETCATALOG_COMPILER_APPICON_NAME = AppIcon;
				CODE_SIGN_STYLE = Automatic;
				INFOPLIST_FILE = VCOperations/Info.plist;
				LD_RUNPATH_SEARCH_PATHS = (
					"$(inherited)",
					"@executable_path/Frameworks",
				);
				PRODUCT_BUNDLE_IDENTIFIER = com.myapp.VCOperations;
				PRODUCT_NAME = "$(TARGET_NAME)";
				SWIFT_VERSION = 5.0;
				TARGETED_DEVICE_FAMILY = "1,2";
			};
			name = Release;
		};
/* End XCBuildConfiguration section */

/* Begin XCConfigurationList section */
		137345DC237B5E1200BB0AA1 /* Build configuration list for PBXProject "VCOperations" */ = {
			isa = XCConfigurationList;
			buildConfigurations = (
				137345F3237B5E1200BB0AA1 /* Debug */,
				137345F4237B5E1200BB0AA1 /* Release */,
			);
			defaultConfigurationIsVisible = 0;
			defaultConfigurationName = Release;
		};
		137345F5237B5E1200BB0AA1 /* Build configuration list for PBXNativeTarget "VCOperations" */ = {
			isa = XCConfigurationList;
			buildConfigurations = (
				137345F6237B5E1200BB0AA1 /* Debug */,
				137345F7237B5E1200BB0AA1 /* Release */,
			);
			defaultConfigurationIsVisible = 0;
			defaultConfigurationName = Release;
		};
/* End XCConfigurationList section */
	};
	rootObject = 137345D9237B5E1200BB0AA1 /* Project object */;
}
