// !$*UTF8*$!
{
	archiveVersion = 1;
	classes = {
	};
	objectVersion = 50;
	objects = {

/* Begin PBXBuildFile section */
		13AA23E4237DC2DE00D9D8BC /* AppDelegate.swift in Sources */ = {isa = PBXBuildFile; fileRef = 13AA23E3237DC2DE00D9D8BC /* AppDelegate.swift */; };
		13AA23E6237DC2DE00D9D8BC /* SceneDelegate.swift in Sources */ = {isa = PBXBuildFile; fileRef = 13AA23E5237DC2DE00D9D8BC /* SceneDelegate.swift */; };
		13AA23E8237DC2DE00D9D8BC /* ViewController.swift in Sources */ = {isa = PBXBuildFile; fileRef = 13AA23E7237DC2DE00D9D8BC /* ViewController.swift */; };
		13AA23EB237DC2DE00D9D8BC /* Main.storyboard in Resources */ = {isa = PBXBuildFile; fileRef = 13AA23E9237DC2DE00D9D8BC /* Main.storyboard */; };
		13AA23ED237DC2E000D9D8BC /* Assets.xcassets in Resources */ = {isa = PBXBuildFile; fileRef = 13AA23EC237DC2E000D9D8BC /* Assets.xcassets */; };
		13AA23F0237DC2E000D9D8BC /* LaunchScreen.storyboard in Resources */ = {isa = PBXBuildFile; fileRef = 13AA23EE237DC2E000D9D8BC /* LaunchScreen.storyboard */; };
		13AA23F8237DC32300D9D8BC /* DetailViewController.swift in Sources */ = {isa = PBXBuildFile; fileRef = 13AA23F7237DC32200D9D8BC /* DetailViewController.swift */; };
/* End PBXBuildFile section */

/* Begin PBXFileReference section */
		13AA23E0237DC2DE00D9D8BC /* TavleViewDetail.app */ = {isa = PBXFileReference; explicitFileType = wrapper.application; includeInIndex = 0; path = TavleViewDetail.app; sourceTree = BUILT_PRODUCTS_DIR; };
		13AA23E3237DC2DE00D9D8BC /* AppDelegate.swift */ = {isa = PBXFileReference; lastKnownFileType = sourcecode.swift; path = AppDelegate.swift; sourceTree = "<group>"; };
		13AA23E5237DC2DE00D9D8BC /* SceneDelegate.swift */ = {isa = PBXFileReference; lastKnownFileType = sourcecode.swift; path = SceneDelegate.swift; sourceTree = "<group>"; };
		13AA23E7237DC2DE00D9D8BC /* ViewController.swift */ = {isa = PBXFileReference; lastKnownFileType = sourcecode.swift; path = ViewController.swift; sourceTree = "<group>"; };
		13AA23EA237DC2DE00D9D8BC /* Base */ = {isa = PBXFileReference; lastKnownFileType = file.storyboard; name = Base; path = Base.lproj/Main.storyboard; sourceTree = "<group>"; };
		13AA23EC237DC2E000D9D8BC /* Assets.xcassets */ = {isa = PBXFileReference; lastKnownFileType = folder.assetcatalog; path = Assets.xcassets; sourceTree = "<group>"; };
		13AA23EF237DC2E000D9D8BC /* Base */ = {isa = PBXFileReference; lastKnownFileType = file.storyboard; name = Base; path = Base.lproj/LaunchScreen.storyboard; sourceTree = "<group>"; };
		13AA23F1237DC2E000D9D8BC /* Info.plist */ = {isa = PBXFileReference; lastKnownFileType = text.plist.xml; path = Info.plist; sourceTree = "<group>"; };
		13AA23F7237DC32200D9D8BC /* DetailViewController.swift */ = {isa = PBXFileReference; lastKnownFileType = sourcecode.swift; path = DetailViewController.swift; sourceTree = "<group>"; };
/* End PBXFileReference section */

/* Begin PBXFrameworksBuildPhase section */
		13AA23DD237DC2DE00D9D8BC /* Frameworks */ = {
			isa = PBXFrameworksBuildPhase;
			buildActionMask = 2147483647;
			files = (
			);
			runOnlyForDeploymentPostprocessing = 0;
		};
/* End PBXFrameworksBuildPhase section */

/* Begin PBXGroup section */
		13AA23D7237DC2DE00D9D8BC = {
			isa = PBXGroup;
			children = (
				13AA23E2237DC2DE00D9D8BC /* TavleViewDetail */,
				13AA23E1237DC2DE00D9D8BC /* Products */,
			);
			sourceTree = "<group>";
		};
		13AA23E1237DC2DE00D9D8BC /* Products */ = {
			isa = PBXGroup;
			children = (
				13AA23E0237DC2DE00D9D8BC /* TavleViewDetail.app */,
			);
			name = Products;
			sourceTree = "<group>";
		};
		13AA23E2237DC2DE00D9D8BC /* TavleViewDetail */ = {
			isa = PBXGroup;
			children = (
				13AA23E3237DC2DE00D9D8BC /* AppDelegate.swift */,
				13AA23E5237DC2DE00D9D8BC /* SceneDelegate.swift */,
				13AA23E7237DC2DE00D9D8BC /* ViewController.swift */,
				13AA23F7237DC32200D9D8BC /* DetailViewController.swift */,
				13AA23E9237DC2DE00D9D8BC /* Main.storyboard */,
				13AA23EC237DC2E000D9D8BC /* Assets.xcassets */,
				13AA23EE237DC2E000D9D8BC /* LaunchScreen.storyboard */,
				13AA23F1237DC2E000D9D8BC /* Info.plist */,
			);
			path = TavleViewDetail;
			sourceTree = "<group>";
		};
/* End PBXGroup section */

/* Begin PBXNativeTarget section */
		13AA23DF237DC2DE00D9D8BC /* TavleViewDetail */ = {
			isa = PBXNativeTarget;
			buildConfigurationList = 13AA23F4237DC2E000D9D8BC /* Build configuration list for PBXNativeTarget "TavleViewDetail" */;
			buildPhases = (
				13AA23DC237DC2DE00D9D8BC /* Sources */,
				13AA23DD237DC2DE00D9D8BC /* Frameworks */,
				13AA23DE237DC2DE00D9D8BC /* Resources */,
			);
			buildRules = (
			);
			dependencies = (
			);
			name = TavleViewDetail;
			productName = TavleViewDetail;
			productReference = 13AA23E0237DC2DE00D9D8BC /* TavleViewDetail.app */;
			productType = "com.apple.product-type.application";
		};
/* End PBXNativeTarget section */

/* Begin PBXProject section */
		13AA23D8237DC2DE00D9D8BC /* Project object */ = {
			isa = PBXProject;
			attributes = {
				LastSwiftUpdateCheck = 1120;
				LastUpgradeCheck = 1120;
				ORGANIZATIONNAME = Bedu;
				TargetAttributes = {
					13AA23DF237DC2DE00D9D8BC = {
						CreatedOnToolsVersion = 11.2;
					};
				};
			};
			buildConfigurationList = 13AA23DB237DC2DE00D9D8BC /* Build configuration list for PBXProject "TavleViewDetail" */;
			compatibilityVersion = "Xcode 9.3";
			developmentRegion = en;
			hasScannedForEncodings = 0;
			knownRegions = (
				en,
				Base,
			);
			mainGroup = 13AA23D7237DC2DE00D9D8BC;
			productRefGroup = 13AA23E1237DC2DE00D9D8BC /* Products */;
			projectDirPath = "";
			projectRoot = "";
			targets = (
				13AA23DF237DC2DE00D9D8BC /* TavleViewDetail */,
			);
		};
/* End PBXProject section */

/* Begin PBXResourcesBuildPhase section */
		13AA23DE237DC2DE00D9D8BC /* Resources */ = {
			isa = PBXResourcesBuildPhase;
			buildActionMask = 2147483647;
			files = (
				13AA23F0237DC2E000D9D8BC /* LaunchScreen.storyboard in Resources */,
				13AA23ED237DC2E000D9D8BC /* Assets.xcassets in Resources */,
				13AA23EB237DC2DE00D9D8BC /* Main.storyboard in Resources */,
			);
			runOnlyForDeploymentPostprocessing = 0;
		};
/* End PBXResourcesBuildPhase section */

/* Begin PBXSourcesBuildPhase section */
		13AA23DC237DC2DE00D9D8BC /* Sources */ = {
			isa = PBXSourcesBuildPhase;
			buildActionMask = 2147483647;
			files = (
				13AA23E8237DC2DE00D9D8BC /* ViewController.swift in Sources */,
				13AA23E4237DC2DE00D9D8BC /* AppDelegate.swift in Sources */,
				13AA23E6237DC2DE00D9D8BC /* SceneDelegate.swift in Sources */,
				13AA23F8237DC32300D9D8BC /* DetailViewController.swift in Sources */,
			);
			runOnlyForDeploymentPostprocessing = 0;
		};
/* End PBXSourcesBuildPhase section */

/* Begin PBXVariantGroup section */
		13AA23E9237DC2DE00D9D8BC /* Main.storyboard */ = {
			isa = PBXVariantGroup;
			children = (
				13AA23EA237DC2DE00D9D8BC /* Base */,
			);
			name = Main.storyboard;
			sourceTree = "<group>";
		};
		13AA23EE237DC2E000D9D8BC /* LaunchScreen.storyboard */ = {
			isa = PBXVariantGroup;
			children = (
				13AA23EF237DC2E000D9D8BC /* Base */,
			);
			name = LaunchScreen.storyboard;
			sourceTree = "<group>";
		};
/* End PBXVariantGroup section */

/* Begin XCBuildConfiguration section */
		13AA23F2237DC2E000D9D8BC /* Debug */ = {
			isa = XCBuildConfiguration;
			buildSettings = {
				ALWAYS_SEARCH_USER_PATHS = NO;
				CLANG_ANALYZER_NONNULL = YES;
				CLANG_ANALYZER_NUMBER_OBJECT_CONVERSION = YES_AGGRESSIVE;
				CLANG_CXX_LANGUAGE_STANDARD = "gnu++14";
				CLANG_CXX_LIBRARY = "libc++";
				CLANG_ENABLE_MODULES = YES;
				CLANG_ENABLE_OBJC_ARC = YES;
				CLANG_ENABLE_OBJC_WEAK = YES;
				CLANG_WARN_BLOCK_CAPTURE_AUTORELEASING = YES;
				CLANG_WARN_BOOL_CONVERSION = YES;
				CLANG_WARN_COMMA = YES;
				CLANG_WARN_CONSTANT_CONVERSION = YES;
				CLANG_WARN_DEPRECATED_OBJC_IMPLEMENTATIONS = YES;
				CLANG_WARN_DIRECT_OBJC_ISA_USAGE = YES_ERROR;
				CLANG_WARN_DOCUMENTATION_COMMENTS = YES;
				CLANG_WARN_EMPTY_BODY = YES;
				CLANG_WARN_ENUM_CONVERSION = YES;
				CLANG_WARN_INFINITE_RECURSION = YES;
				CLANG_WARN_INT_CONVERSION = YES;
				CLANG_WARN_NON_LITERAL_NULL_CONVERSION = YES;
				CLANG_WARN_OBJC_IMPLICIT_RETAIN_SELF = YES;
				CLANG_WARN_OBJC_LITERAL_CONVERSION = YES;
				CLANG_WARN_OBJC_ROOT_CLASS = YES_ERROR;
				CLANG_WARN_RANGE_LOOP_ANALYSIS = YES;
				CLANG_WARN_STRICT_PROTOTYPES = YES;
				CLANG_WARN_SUSPICIOUS_MOVE = YES;
				CLANG_WARN_UNGUARDED_AVAILABILITY = YES_AGGRESSIVE;
				CLANG_WARN_UNREACHABLE_CODE = YES;
				CLANG_WARN__DUPLICATE_METHOD_MATCH = YES;
				COPY_PHASE_STRIP = NO;
				DEBUG_INFORMATION_FORMAT = dwarf;
				ENABLE_STRICT_OBJC_MSGSEND = YES;
				ENABLE_TESTABILITY = YES;
				GCC_C_LANGUAGE_STANDARD = gnu11;
				GCC_DYNAMIC_NO_PIC = NO;
				GCC_NO_COMMON_BLOCKS = YES;
				GCC_OPTIMIZATION_LEVEL = 0;
				GCC_PREPROCESSOR_DEFINITIONS = (
					"DEBUG=1",
					"$(inherited)",
				);
				GCC_WARN_64_TO_32_BIT_CONVERSION = YES;
				GCC_WARN_ABOUT_RETURN_TYPE = YES_ERROR;
				GCC_WARN_UNDECLARED_SELECTOR = YES;
				GCC_WARN_UNINITIALIZED_AUTOS = YES_AGGRESSIVE;
				GCC_WARN_UNUSED_FUNCTION = YES;
				GCC_WARN_UNUSED_VARIABLE = YES;
				IPHONEOS_DEPLOYMENT_TARGET = 13.2;
				MTL_ENABLE_DEBUG_INFO = INCLUDE_SOURCE;
				MTL_FAST_MATH = YES;
				ONLY_ACTIVE_ARCH = YES;
				SDKROOT = iphoneos;
				SWIFT_ACTIVE_COMPILATION_CONDITIONS = DEBUG;
				SWIFT_OPTIMIZATION_LEVEL = "-Onone";
			};
			name = Debug;
		};
		13AA23F3237DC2E000D9D8BC /* Release */ = {
			isa = XCBuildConfiguration;
			buildSettings = {
				ALWAYS_SEARCH_USER_PATHS = NO;
				CLANG_ANALYZER_NONNULL = YES;
				CLANG_ANALYZER_NUMBER_OBJECT_CONVERSION = YES_AGGRESSIVE;
				CLANG_CXX_LANGUAGE_STANDARD = "gnu++14";
				CLANG_CXX_LIBRARY = "libc++";
				CLANG_ENABLE_MODULES = YES;
				CLANG_ENABLE_OBJC_ARC = YES;
				CLANG_ENABLE_OBJC_WEAK = YES;
				CLANG_WARN_BLOCK_CAPTURE_AUTORELEASING = YES;
				CLANG_WARN_BOOL_CONVERSION = YES;
				CLANG_WARN_COMMA = YES;
				CLANG_WARN_CONSTANT_CONVERSION = YES;
				CLANG_WARN_DEPRECATED_OBJC_IMPLEMENTATIONS = YES;
				CLANG_WARN_DIRECT_OBJC_ISA_USAGE = YES_ERROR;
				CLANG_WARN_DOCUMENTATION_COMMENTS = YES;
				CLANG_WARN_EMPTY_BODY = YES;
				CLANG_WARN_ENUM_CONVERSION = YES;
				CLANG_WARN_INFINITE_RECURSION = YES;
				CLANG_WARN_INT_CONVERSION = YES;
				CLANG_WARN_NON_LITERAL_NULL_CONVERSION = YES;
				CLANG_WARN_OBJC_IMPLICIT_RETAIN_SELF = YES;
				CLANG_WARN_OBJC_LITERAL_CONVERSION = YES;
				CLANG_WARN_OBJC_ROOT_CLASS = YES_ERROR;
				CLANG_WARN_RANGE_LOOP_ANALYSIS = YES;
				CLANG_WARN_STRICT_PROTOTYPES = YES;
				CLANG_WARN_SUSPICIOUS_MOVE = YES;
				CLANG_WARN_UNGUARDED_AVAILABILITY = YES_AGGRESSIVE;
				CLANG_WARN_UNREACHABLE_CODE = YES;
				CLANG_WARN__DUPLICATE_METHOD_MATCH = YES;
				COPY_PHASE_STRIP = NO;
				DEBUG_INFORMATION_FORMAT = "dwarf-with-dsym";
				ENABLE_NS_ASSERTIONS = NO;
				ENABLE_STRICT_OBJC_MSGSEND = YES;
				GCC_C_LANGUAGE_STANDARD = gnu11;
				GCC_NO_COMMON_BLOCKS = YES;
				GCC_WARN_64_TO_32_BIT_CONVERSION = YES;
				GCC_WARN_ABOUT_RETURN_TYPE = YES_ERROR;
				GCC_WARN_UNDECLARED_SELECTOR = YES;
				GCC_WARN_UNINITIALIZED_AUTOS = YES_AGGRESSIVE;
				GCC_WARN_UNUSED_FUNCTION = YES;
				GCC_WARN_UNUSED_VARIABLE = YES;
				IPHONEOS_DEPLOYMENT_TARGET = 13.2;
				MTL_ENABLE_DEBUG_INFO = NO;
				MTL_FAST_MATH = YES;
				SDKROOT = iphoneos;
				SWIFT_COMPILATION_MODE = wholemodule;
				SWIFT_OPTIMIZATION_LEVEL = "-O";
				VALIDATE_PRODUCT = YES;
			};
			name = Release;
		};
		13AA23F5237DC2E000D9D8BC /* Debug */ = {
			isa = XCBuildConfiguration;
			buildSettings = {
				ASSETCATALOG_COMPILER_APPICON_NAME = AppIcon;
				CODE_SIGN_STYLE = Automatic;
				INFOPLIST_FILE = TavleViewDetail/Info.plist;
				LD_RUNPATH_SEARCH_PATHS = (
					"$(inherited)",
					"@executable_path/Frameworks",
				);
				PRODUCT_BUNDLE_IDENTIFIER = com.myapp.TavleViewDetail;
				PRODUCT_NAME = "$(TARGET_NAME)";
				SWIFT_VERSION = 5.0;
				TARGETED_DEVICE_FAMILY = "1,2";
			};
			name = Debug;
		};
		13AA23F6237DC2E000D9D8BC /* Release */ = {
			isa = XCBuildConfiguration;
			buildSettings = {
				ASSETCATALOG_COMPILER_APPICON_NAME = AppIcon;
				CODE_SIGN_STYLE = Automatic;
				INFOPLIST_FILE = TavleViewDetail/Info.plist;
				LD_RUNPATH_SEARCH_PATHS = (
					"$(inherited)",
					"@executable_path/Frameworks",
				);
				PRODUCT_BUNDLE_IDENTIFIER = com.myapp.TavleViewDetail;
				PRODUCT_NAME = "$(TARGET_NAME)";
				SWIFT_VERSION = 5.0;
				TARGETED_DEVICE_FAMILY = "1,2";
			};
			name = Release;
		};
/* End XCBuildConfiguration section */

/* Begin XCConfigurationList section */
		13AA23DB237DC2DE00D9D8BC /* Build configuration list for PBXProject "TavleViewDetail" */ = {
			isa = XCConfigurationList;
			buildConfigurations = (
				13AA23F2237DC2E000D9D8BC /* Debug */,
				13AA23F3237DC2E000D9D8BC /* Release */,
			);
			defaultConfigurationIsVisible = 0;
			defaultConfigurationName = Release;
		};
		13AA23F4237DC2E000D9D8BC /* Build configuration list for PBXNativeTarget "TavleViewDetail" */ = {
			isa = XCConfigurationList;
			buildConfigurations = (
				13AA23F5237DC2E000D9D8BC /* Debug */,
				13AA23F6237DC2E000D9D8BC /* Release */,
			);
			defaultConfigurationIsVisible = 0;
			defaultConfigurationName = Release;
		};
/* End XCConfigurationList section */
	};
	rootObject = 13AA23D8237DC2DE00D9D8BC /* Project object */;
}
