// !$*UTF8*$!
{
	archiveVersion = 1;
	classes = {
	};
	objectVersion = 50;
	objects = {

/* Begin PBXBuildFile section */
		13AC7D57237CC0630005801D /* Food.swift in Sources */ = {isa = PBXBuildFile; fileRef = 13AC7D56237CC0630005801D /* Food.swift */; };
		13F2BECF237C9B0A004BF32C /* AppDelegate.swift in Sources */ = {isa = PBXBuildFile; fileRef = 13F2BECE237C9B0A004BF32C /* AppDelegate.swift */; };
		13F2BED1237C9B0A004BF32C /* SceneDelegate.swift in Sources */ = {isa = PBXBuildFile; fileRef = 13F2BED0237C9B0A004BF32C /* SceneDelegate.swift */; };
		13F2BED3237C9B0A004BF32C /* ViewController.swift in Sources */ = {isa = PBXBuildFile; fileRef = 13F2BED2237C9B0A004BF32C /* ViewController.swift */; };
		13F2BED6237C9B0A004BF32C /* Main.storyboard in Resources */ = {isa = PBXBuildFile; fileRef = 13F2BED4237C9B0A004BF32C /* Main.storyboard */; };
		13F2BED8237C9B0A004BF32C /* Assets.xcassets in Resources */ = {isa = PBXBuildFile; fileRef = 13F2BED7237C9B0A004BF32C /* Assets.xcassets */; };
		13F2BEDB237C9B0A004BF32C /* LaunchScreen.storyboard in Resources */ = {isa = PBXBuildFile; fileRef = 13F2BED9237C9B0A004BF32C /* LaunchScreen.storyboard */; };
		13F2BEE3237C9B58004BF32C /* Animal.swift in Sources */ = {isa = PBXBuildFile; fileRef = 13F2BEE2237C9B58004BF32C /* Animal.swift */; };
/* End PBXBuildFile section */

/* Begin PBXFileReference section */
		13AC7D56237CC0630005801D /* Food.swift */ = {isa = PBXFileReference; lastKnownFileType = sourcecode.swift; path = Food.swift; sourceTree = "<group>"; };
		13F2BECB237C9B0A004BF32C /* ARCapp.app */ = {isa = PBXFileReference; explicitFileType = wrapper.application; includeInIndex = 0; path = ARCapp.app; sourceTree = BUILT_PRODUCTS_DIR; };
		13F2BECE237C9B0A004BF32C /* AppDelegate.swift */ = {isa = PBXFileReference; lastKnownFileType = sourcecode.swift; path = AppDelegate.swift; sourceTree = "<group>"; };
		13F2BED0237C9B0A004BF32C /* SceneDelegate.swift */ = {isa = PBXFileReference; lastKnownFileType = sourcecode.swift; path = SceneDelegate.swift; sourceTree = "<group>"; };
		13F2BED2237C9B0A004BF32C /* ViewController.swift */ = {isa = PBXFileReference; lastKnownFileType = sourcecode.swift; path = ViewController.swift; sourceTree = "<group>"; };
		13F2BED5237C9B0A004BF32C /* Base */ = {isa = PBXFileReference; lastKnownFileType = file.storyboard; name = Base; path = Base.lproj/Main.storyboard; sourceTree = "<group>"; };
		13F2BED7237C9B0A004BF32C /* Assets.xcassets */ = {isa = PBXFileReference; lastKnownFileType = folder.assetcatalog; path = Assets.xcassets; sourceTree = "<group>"; };
		13F2BEDA237C9B0A004BF32C /* Base */ = {isa = PBXFileReference; lastKnownFileType = file.storyboard; name = Base; path = Base.lproj/LaunchScreen.storyboard; sourceTree = "<group>"; };
		13F2BEDC237C9B0A004BF32C /* Info.plist */ = {isa = PBXFileReference; lastKnownFileType = text.plist.xml; path = Info.plist; sourceTree = "<group>"; };
		13F2BEE2237C9B58004BF32C /* Animal.swift */ = {isa = PBXFileReference; lastKnownFileType = sourcecode.swift; path = Animal.swift; sourceTree = "<group>"; };
/* End PBXFileReference section */

/* Begin PBXFrameworksBuildPhase section */
		13F2BEC8237C9B09004BF32C /* Frameworks */ = {
			isa = PBXFrameworksBuildPhase;
			buildActionMask = 2147483647;
			files = (
			);
			runOnlyForDeploymentPostprocessing = 0;
		};
/* End PBXFrameworksBuildPhase section */

/* Begin PBXGroup section */
		13F2BEC2237C9B09004BF32C = {
			isa = PBXGroup;
			children = (
				13F2BECD237C9B0A004BF32C /* ARCapp */,
				13F2BECC237C9B0A004BF32C /* Products */,
			);
			sourceTree = "<group>";
		};
		13F2BECC237C9B0A004BF32C /* Products */ = {
			isa = PBXGroup;
			children = (
				13F2BECB237C9B0A004BF32C /* ARCapp.app */,
			);
			name = Products;
			sourceTree = "<group>";
		};
		13F2BECD237C9B0A004BF32C /* ARCapp */ = {
			isa = PBXGroup;
			children = (
				13F2BECE237C9B0A004BF32C /* AppDelegate.swift */,
				13F2BED0237C9B0A004BF32C /* SceneDelegate.swift */,
				13F2BED2237C9B0A004BF32C /* ViewController.swift */,
				13F2BEE2237C9B58004BF32C /* Animal.swift */,
				13AC7D56237CC0630005801D /* Food.swift */,
				13F2BED4237C9B0A004BF32C /* Main.storyboard */,
				13F2BED7237C9B0A004BF32C /* Assets.xcassets */,
				13F2BED9237C9B0A004BF32C /* LaunchScreen.storyboard */,
				13F2BEDC237C9B0A004BF32C /* Info.plist */,
			);
			path = ARCapp;
			sourceTree = "<group>";
		};
/* End PBXGroup section */

/* Begin PBXNativeTarget section */
		13F2BECA237C9B09004BF32C /* ARCapp */ = {
			isa = PBXNativeTarget;
			buildConfigurationList = 13F2BEDF237C9B0A004BF32C /* Build configuration list for PBXNativeTarget "ARCapp" */;
			buildPhases = (
				13F2BEC7237C9B09004BF32C /* Sources */,
				13F2BEC8237C9B09004BF32C /* Frameworks */,
				13F2BEC9237C9B09004BF32C /* Resources */,
			);
			buildRules = (
			);
			dependencies = (
			);
			name = ARCapp;
			productName = ARCapp;
			productReference = 13F2BECB237C9B0A004BF32C /* ARCapp.app */;
			productType = "com.apple.product-type.application";
		};
/* End PBXNativeTarget section */

/* Begin PBXProject section */
		13F2BEC3237C9B09004BF32C /* Project object */ = {
			isa = PBXProject;
			attributes = {
				LastSwiftUpdateCheck = 1120;
				LastUpgradeCheck = 1120;
				ORGANIZATIONNAME = Bedu;
				TargetAttributes = {
					13F2BECA237C9B09004BF32C = {
						CreatedOnToolsVersion = 11.2;
					};
				};
			};
			buildConfigurationList = 13F2BEC6237C9B09004BF32C /* Build configuration list for PBXProject "ARCapp" */;
			compatibilityVersion = "Xcode 9.3";
			developmentRegion = en;
			hasScannedForEncodings = 0;
			knownRegions = (
				en,
				Base,
			);
			mainGroup = 13F2BEC2237C9B09004BF32C;
			productRefGroup = 13F2BECC237C9B0A004BF32C /* Products */;
			projectDirPath = "";
			projectRoot = "";
			targets = (
				13F2BECA237C9B09004BF32C /* ARCapp */,
			);
		};
/* End PBXProject section */

/* Begin PBXResourcesBuildPhase section */
		13F2BEC9237C9B09004BF32C /* Resources */ = {
			isa = PBXResourcesBuildPhase;
			buildActionMask = 2147483647;
			files = (
				13F2BEDB237C9B0A004BF32C /* LaunchScreen.storyboard in Resources */,
				13F2BED8237C9B0A004BF32C /* Assets.xcassets in Resources */,
				13F2BED6237C9B0A004BF32C /* Main.storyboard in Resources */,
			);
			runOnlyForDeploymentPostprocessing = 0;
		};
/* End PBXResourcesBuildPhase section */

/* Begin PBXSourcesBuildPhase section */
		13F2BEC7237C9B09004BF32C /* Sources */ = {
			isa = PBXSourcesBuildPhase;
			buildActionMask = 2147483647;
			files = (
				13F2BED3237C9B0A004BF32C /* ViewController.swift in Sources */,
				13F2BEE3237C9B58004BF32C /* Animal.swift in Sources */,
				13AC7D57237CC0630005801D /* Food.swift in Sources */,
				13F2BECF237C9B0A004BF32C /* AppDelegate.swift in Sources */,
				13F2BED1237C9B0A004BF32C /* SceneDelegate.swift in Sources */,
			);
			runOnlyForDeploymentPostprocessing = 0;
		};
/* End PBXSourcesBuildPhase section */

/* Begin PBXVariantGroup section */
		13F2BED4237C9B0A004BF32C /* Main.storyboard */ = {
			isa = PBXVariantGroup;
			children = (
				13F2BED5237C9B0A004BF32C /* Base */,
			);
			name = Main.storyboard;
			sourceTree = "<group>";
		};
		13F2BED9237C9B0A004BF32C /* LaunchScreen.storyboard */ = {
			isa = PBXVariantGroup;
			children = (
				13F2BEDA237C9B0A004BF32C /* Base */,
			);
			name = LaunchScreen.storyboard;
			sourceTree = "<group>";
		};
/* End PBXVariantGroup section */

/* Begin XCBuildConfiguration section */
		13F2BEDD237C9B0A004BF32C /* Debug */ = {
			isa = XCBuildConfiguration;
			buildSettings = {
				ALWAYS_SEARCH_USER_PATHS = NO;
				CLANG_ANALYZER_NONNULL = YES;
				CLANG_ANALYZER_NUMBER_OBJECT_CONVERSION = YES_AGGRESSIVE;
				CLANG_CXX_LANGUAGE_STANDARD = "gnu++14";
				CLANG_CXX_LIBRARY = "libc++";
				CLANG_ENABLE_MODULES = YES;
				CLANG_ENABLE_OBJC_ARC = YES;
				CLANG_ENABLE_OBJC_WEAK = YES;
				CLANG_WARN_BLOCK_CAPTURE_AUTORELEASING = YES;
				CLANG_WARN_BOOL_CONVERSION = YES;
				CLANG_WARN_COMMA = YES;
				CLANG_WARN_CONSTANT_CONVERSION = YES;
				CLANG_WARN_DEPRECATED_OBJC_IMPLEMENTATIONS = YES;
				CLANG_WARN_DIRECT_OBJC_ISA_USAGE = YES_ERROR;
				CLANG_WARN_DOCUMENTATION_COMMENTS = YES;
				CLANG_WARN_EMPTY_BODY = YES;
				CLANG_WARN_ENUM_CONVERSION = YES;
				CLANG_WARN_INFINITE_RECURSION = YES;
				CLANG_WARN_INT_CONVERSION = YES;
				CLANG_WARN_NON_LITERAL_NULL_CONVERSION = YES;
				CLANG_WARN_OBJC_IMPLICIT_RETAIN_SELF = YES;
				CLANG_WARN_OBJC_LITERAL_CONVERSION = YES;
				CLANG_WARN_OBJC_ROOT_CLASS = YES_ERROR;
				CLANG_WARN_RANGE_LOOP_ANALYSIS = YES;
				CLANG_WARN_STRICT_PROTOTYPES = YES;
				CLANG_WARN_SUSPICIOUS_MOVE = YES;
				CLANG_WARN_UNGUARDED_AVAILABILITY = YES_AGGRESSIVE;
				CLANG_WARN_UNREACHABLE_CODE = YES;
				CLANG_WARN__DUPLICATE_METHOD_MATCH = YES;
				COPY_PHASE_STRIP = NO;
				DEBUG_INFORMATION_FORMAT = dwarf;
				ENABLE_STRICT_OBJC_MSGSEND = YES;
				ENABLE_TESTABILITY = YES;
				GCC_C_LANGUAGE_STANDARD = gnu11;
				GCC_DYNAMIC_NO_PIC = NO;
				GCC_NO_COMMON_BLOCKS = YES;
				GCC_OPTIMIZATION_LEVEL = 0;
				GCC_PREPROCESSOR_DEFINITIONS = (
					"DEBUG=1",
					"$(inherited)",
				);
				GCC_WARN_64_TO_32_BIT_CONVERSION = YES;
				GCC_WARN_ABOUT_RETURN_TYPE = YES_ERROR;
				GCC_WARN_UNDECLARED_SELECTOR = YES;
				GCC_WARN_UNINITIALIZED_AUTOS = YES_AGGRESSIVE;
				GCC_WARN_UNUSED_FUNCTION = YES;
				GCC_WARN_UNUSED_VARIABLE = YES;
				IPHONEOS_DEPLOYMENT_TARGET = 13.2;
				MTL_ENABLE_DEBUG_INFO = INCLUDE_SOURCE;
				MTL_FAST_MATH = YES;
				ONLY_ACTIVE_ARCH = YES;
				SDKROOT = iphoneos;
				SWIFT_ACTIVE_COMPILATION_CONDITIONS = DEBUG;
				SWIFT_OPTIMIZATION_LEVEL = "-Onone";
			};
			name = Debug;
		};
		13F2BEDE237C9B0A004BF32C /* Release */ = {
			isa = XCBuildConfiguration;
			buildSettings = {
				ALWAYS_SEARCH_USER_PATHS = NO;
				CLANG_ANALYZER_NONNULL = YES;
				CLANG_ANALYZER_NUMBER_OBJECT_CONVERSION = YES_AGGRESSIVE;
				CLANG_CXX_LANGUAGE_STANDARD = "gnu++14";
				CLANG_CXX_LIBRARY = "libc++";
				CLANG_ENABLE_MODULES = YES;
				CLANG_ENABLE_OBJC_ARC = YES;
				CLANG_ENABLE_OBJC_WEAK = YES;
				CLANG_WARN_BLOCK_CAPTURE_AUTORELEASING = YES;
				CLANG_WARN_BOOL_CONVERSION = YES;
				CLANG_WARN_COMMA = YES;
				CLANG_WARN_CONSTANT_CONVERSION = YES;
				CLANG_WARN_DEPRECATED_OBJC_IMPLEMENTATIONS = YES;
				CLANG_WARN_DIRECT_OBJC_ISA_USAGE = YES_ERROR;
				CLANG_WARN_DOCUMENTATION_COMMENTS = YES;
				CLANG_WARN_EMPTY_BODY = YES;
				CLANG_WARN_ENUM_CONVERSION = YES;
				CLANG_WARN_INFINITE_RECURSION = YES;
				CLANG_WARN_INT_CONVERSION = YES;
				CLANG_WARN_NON_LITERAL_NULL_CONVERSION = YES;
				CLANG_WARN_OBJC_IMPLICIT_RETAIN_SELF = YES;
				CLANG_WARN_OBJC_LITERAL_CONVERSION = YES;
				CLANG_WARN_OBJC_ROOT_CLASS = YES_ERROR;
				CLANG_WARN_RANGE_LOOP_ANALYSIS = YES;
				CLANG_WARN_STRICT_PROTOTYPES = YES;
				CLANG_WARN_SUSPICIOUS_MOVE = YES;
				CLANG_WARN_UNGUARDED_AVAILABILITY = YES_AGGRESSIVE;
				CLANG_WARN_UNREACHABLE_CODE = YES;
				CLANG_WARN__DUPLICATE_METHOD_MATCH = YES;
				COPY_PHASE_STRIP = NO;
				DEBUG_INFORMATION_FORMAT = "dwarf-with-dsym";
				ENABLE_NS_ASSERTIONS = NO;
				ENABLE_STRICT_OBJC_MSGSEND = YES;
				GCC_C_LANGUAGE_STANDARD = gnu11;
				GCC_NO_COMMON_BLOCKS = YES;
				GCC_WARN_64_TO_32_BIT_CONVERSION = YES;
				GCC_WARN_ABOUT_RETURN_TYPE = YES_ERROR;
				GCC_WARN_UNDECLARED_SELECTOR = YES;
				GCC_WARN_UNINITIALIZED_AUTOS = YES_AGGRESSIVE;
				GCC_WARN_UNUSED_FUNCTION = YES;
				GCC_WARN_UNUSED_VARIABLE = YES;
				IPHONEOS_DEPLOYMENT_TARGET = 13.2;
				MTL_ENABLE_DEBUG_INFO = NO;
				MTL_FAST_MATH = YES;
				SDKROOT = iphoneos;
				SWIFT_COMPILATION_MODE = wholemodule;
				SWIFT_OPTIMIZATION_LEVEL = "-O";
				VALIDATE_PRODUCT = YES;
			};
			name = Release;
		};
		13F2BEE0237C9B0A004BF32C /* Debug */ = {
			isa = XCBuildConfiguration;
			buildSettings = {
				ASSETCATALOG_COMPILER_APPICON_NAME = AppIcon;
				CODE_SIGN_STYLE = Automatic;
				INFOPLIST_FILE = ARCapp/Info.plist;
				LD_RUNPATH_SEARCH_PATHS = (
					"$(inherited)",
					"@executable_path/Frameworks",
				);
				PRODUCT_BUNDLE_IDENTIFIER = com.myapp.ARCapp;
				PRODUCT_NAME = "$(TARGET_NAME)";
				SWIFT_VERSION = 5.0;
				TARGETED_DEVICE_FAMILY = "1,2";
			};
			name = Debug;
		};
		13F2BEE1237C9B0A004BF32C /* Release */ = {
			isa = XCBuildConfiguration;
			buildSettings = {
				ASSETCATALOG_COMPILER_APPICON_NAME = AppIcon;
				CODE_SIGN_STYLE = Automatic;
				INFOPLIST_FILE = ARCapp/Info.plist;
				LD_RUNPATH_SEARCH_PATHS = (
					"$(inherited)",
					"@executable_path/Frameworks",
				);
				PRODUCT_BUNDLE_IDENTIFIER = com.myapp.ARCapp;
				PRODUCT_NAME = "$(TARGET_NAME)";
				SWIFT_VERSION = 5.0;
				TARGETED_DEVICE_FAMILY = "1,2";
			};
			name = Release;
		};
/* End XCBuildConfiguration section */

/* Begin XCConfigurationList section */
		13F2BEC6237C9B09004BF32C /* Build configuration list for PBXProject "ARCapp" */ = {
			isa = XCConfigurationList;
			buildConfigurations = (
				13F2BEDD237C9B0A004BF32C /* Debug */,
				13F2BEDE237C9B0A004BF32C /* Release */,
			);
			defaultConfigurationIsVisible = 0;
			defaultConfigurationName = Release;
		};
		13F2BEDF237C9B0A004BF32C /* Build configuration list for PBXNativeTarget "ARCapp" */ = {
			isa = XCConfigurationList;
			buildConfigurations = (
				13F2BEE0237C9B0A004BF32C /* Debug */,
				13F2BEE1237C9B0A004BF32C /* Release */,
			);
			defaultConfigurationIsVisible = 0;
			defaultConfigurationName = Release;
		};
/* End XCConfigurationList section */
	};
	rootObject = 13F2BEC3237C9B09004BF32C /* Project object */;
}
